// !$*UTF8*$!
{
	archiveVersion = 1;
	classes = {
	};
	objectVersion = 55;
	objects = {

/* Begin PBXBuildFile section */
		25B8DE6D284D8AF60073F78A /* LogInViewController.swift in Sources */ = {isa = PBXBuildFile; fileRef = 25B8DE6C284D8AF60073F78A /* LogInViewController.swift */; };
		84370ABE2847CBE200B83B4E /* AppDelegate.swift in Sources */ = {isa = PBXBuildFile; fileRef = 84370ABD2847CBE200B83B4E /* AppDelegate.swift */; };
		84370AC02847CBE200B83B4E /* SceneDelegate.swift in Sources */ = {isa = PBXBuildFile; fileRef = 84370ABF2847CBE200B83B4E /* SceneDelegate.swift */; };
		84370AC22847CBE200B83B4E /* ViewController.swift in Sources */ = {isa = PBXBuildFile; fileRef = 84370AC12847CBE200B83B4E /* ViewController.swift */; };
		84370AC52847CBE200B83B4E /* Main.storyboard in Resources */ = {isa = PBXBuildFile; fileRef = 84370AC32847CBE200B83B4E /* Main.storyboard */; };
		84370AC72847CBE300B83B4E /* Assets.xcassets in Resources */ = {isa = PBXBuildFile; fileRef = 84370AC62847CBE300B83B4E /* Assets.xcassets */; };
		84370ACA2847CBE300B83B4E /* LaunchScreen.storyboard in Resources */ = {isa = PBXBuildFile; fileRef = 84370AC82847CBE300B83B4E /* LaunchScreen.storyboard */; };
		84370B4028483A5600B83B4E /* BooksCollectionViewCell.swift in Sources */ = {isa = PBXBuildFile; fileRef = 84370B3F28483A5600B83B4E /* BooksCollectionViewCell.swift */; };
		84370B4228483F4500B83B4E /* BooksViewController.swift in Sources */ = {isa = PBXBuildFile; fileRef = 84370B4128483F4500B83B4E /* BooksViewController.swift */; };
		84370B44284843DB00B83B4E /* PDFScreenViewController.swift in Sources */ = {isa = PBXBuildFile; fileRef = 84370B43284843DB00B83B4E /* PDFScreenViewController.swift */; };
		84370B462848496200B83B4E /* WebViewController.swift in Sources */ = {isa = PBXBuildFile; fileRef = 84370B452848496200B83B4E /* WebViewController.swift */; };
		8438DC67285AB64500A67F49 /* zapsplat.mp3 in Resources */ = {isa = PBXBuildFile; fileRef = 8438DC66285AB64500A67F49 /* zapsplat.mp3 */; };
		84689D05284AFA4E0014FC7F /* CoreData.xcdatamodeld in Sources */ = {isa = PBXBuildFile; fileRef = 84689D03284AFA4E0014FC7F /* CoreData.xcdatamodeld */; };
		84689D08284B0AC30014FC7F /* Note+CoreDataClass.swift in Sources */ = {isa = PBXBuildFile; fileRef = 84689D06284B0AC30014FC7F /* Note+CoreDataClass.swift */; };
		84689D09284B0AC30014FC7F /* Note+CoreDataProperties.swift in Sources */ = {isa = PBXBuildFile; fileRef = 84689D07284B0AC30014FC7F /* Note+CoreDataProperties.swift */; };
		84689D0B284B0C110014FC7F /* NoteViewController.swift in Sources */ = {isa = PBXBuildFile; fileRef = 84689D0A284B0C110014FC7F /* NoteViewController.swift */; };
		84689D2A284D3BC60014FC7F /* User+CoreDataClass.swift in Sources */ = {isa = PBXBuildFile; fileRef = 84689D28284D3BC60014FC7F /* User+CoreDataClass.swift */; };
		84689D2B284D3BC60014FC7F /* User+CoreDataProperties.swift in Sources */ = {isa = PBXBuildFile; fileRef = 84689D29284D3BC60014FC7F /* User+CoreDataProperties.swift */; };
		84689D2D284D3BEF0014FC7F /* RegisterViewController.swift in Sources */ = {isa = PBXBuildFile; fileRef = 84689D2C284D3BEF0014FC7F /* RegisterViewController.swift */; };
		84689D2F284D470C0014FC7F /* DBHelperUser.swift in Sources */ = {isa = PBXBuildFile; fileRef = 84689D2E284D470C0014FC7F /* DBHelperUser.swift */; };
		84689D60284E3D870014FC7F /* HistoryOfApple.pdf in Resources */ = {isa = PBXBuildFile; fileRef = 84689D5F284E3D870014FC7F /* HistoryOfApple.pdf */; };
		84689D64284E4E440014FC7F /* ios.pdf in Resources */ = {isa = PBXBuildFile; fileRef = 84689D63284E4E440014FC7F /* ios.pdf */; };
		84D5E8C42849A05600C7AA59 /* MusicViewController.swift in Sources */ = {isa = PBXBuildFile; fileRef = 84D5E8C32849A05600C7AA59 /* MusicViewController.swift */; };
		84D5E93F284AF59200C7AA59 /* DBHelper.swift in Sources */ = {isa = PBXBuildFile; fileRef = 84D5E93E284AF59200C7AA59 /* DBHelper.swift */; };
/* End PBXBuildFile section */

/* Begin PBXFileReference section */
		25B8DE6C284D8AF60073F78A /* LogInViewController.swift */ = {isa = PBXFileReference; lastKnownFileType = sourcecode.swift; path = LogInViewController.swift; sourceTree = "<group>"; tabWidth = 4; };
		84370ABA2847CBE200B83B4E /* FunZone.app */ = {isa = PBXFileReference; explicitFileType = wrapper.application; includeInIndex = 0; path = FunZone.app; sourceTree = BUILT_PRODUCTS_DIR; };
		84370ABD2847CBE200B83B4E /* AppDelegate.swift */ = {isa = PBXFileReference; lastKnownFileType = sourcecode.swift; path = AppDelegate.swift; sourceTree = "<group>"; };
		84370ABF2847CBE200B83B4E /* SceneDelegate.swift */ = {isa = PBXFileReference; lastKnownFileType = sourcecode.swift; path = SceneDelegate.swift; sourceTree = "<group>"; };
		84370AC12847CBE200B83B4E /* ViewController.swift */ = {isa = PBXFileReference; lastKnownFileType = sourcecode.swift; path = ViewController.swift; sourceTree = "<group>"; };
		84370AC42847CBE200B83B4E /* Base */ = {isa = PBXFileReference; lastKnownFileType = file.storyboard; name = Base; path = Base.lproj/Main.storyboard; sourceTree = "<group>"; };
		84370AC62847CBE300B83B4E /* Assets.xcassets */ = {isa = PBXFileReference; lastKnownFileType = folder.assetcatalog; path = Assets.xcassets; sourceTree = "<group>"; };
		84370AC92847CBE300B83B4E /* Base */ = {isa = PBXFileReference; lastKnownFileType = file.storyboard; name = Base; path = Base.lproj/LaunchScreen.storyboard; sourceTree = "<group>"; };
		84370ACB2847CBE300B83B4E /* Info.plist */ = {isa = PBXFileReference; lastKnownFileType = text.plist.xml; path = Info.plist; sourceTree = "<group>"; };
		84370B3F28483A5600B83B4E /* BooksCollectionViewCell.swift */ = {isa = PBXFileReference; lastKnownFileType = sourcecode.swift; path = BooksCollectionViewCell.swift; sourceTree = "<group>"; };
		84370B4128483F4500B83B4E /* BooksViewController.swift */ = {isa = PBXFileReference; lastKnownFileType = sourcecode.swift; path = BooksViewController.swift; sourceTree = "<group>"; };
		84370B43284843DB00B83B4E /* PDFScreenViewController.swift */ = {isa = PBXFileReference; lastKnownFileType = sourcecode.swift; path = PDFScreenViewController.swift; sourceTree = "<group>"; };
		84370B452848496200B83B4E /* WebViewController.swift */ = {isa = PBXFileReference; lastKnownFileType = sourcecode.swift; path = WebViewController.swift; sourceTree = "<group>"; };
		8438DC66285AB64500A67F49 /* zapsplat.mp3 */ = {isa = PBXFileReference; lastKnownFileType = audio.mp3; name = zapsplat.mp3; path = ../../../zapsplat.mp3; sourceTree = "<group>"; };
		84689D04284AFA4E0014FC7F /* CoreData.xcdatamodel */ = {isa = PBXFileReference; lastKnownFileType = wrapper.xcdatamodel; path = CoreData.xcdatamodel; sourceTree = "<group>"; };
		84689D06284B0AC30014FC7F /* Note+CoreDataClass.swift */ = {isa = PBXFileReference; lastKnownFileType = sourcecode.swift; path = "Note+CoreDataClass.swift"; sourceTree = "<group>"; };
		84689D07284B0AC30014FC7F /* Note+CoreDataProperties.swift */ = {isa = PBXFileReference; lastKnownFileType = sourcecode.swift; path = "Note+CoreDataProperties.swift"; sourceTree = "<group>"; };
		84689D0A284B0C110014FC7F /* NoteViewController.swift */ = {isa = PBXFileReference; lastKnownFileType = sourcecode.swift; path = NoteViewController.swift; sourceTree = "<group>"; };
		84689D28284D3BC60014FC7F /* User+CoreDataClass.swift */ = {isa = PBXFileReference; lastKnownFileType = sourcecode.swift; path = "User+CoreDataClass.swift"; sourceTree = "<group>"; };
		84689D29284D3BC60014FC7F /* User+CoreDataProperties.swift */ = {isa = PBXFileReference; lastKnownFileType = sourcecode.swift; path = "User+CoreDataProperties.swift"; sourceTree = "<group>"; };
		84689D2C284D3BEF0014FC7F /* RegisterViewController.swift */ = {isa = PBXFileReference; lastKnownFileType = sourcecode.swift; path = RegisterViewController.swift; sourceTree = "<group>"; };
		84689D2E284D470C0014FC7F /* DBHelperUser.swift */ = {isa = PBXFileReference; lastKnownFileType = sourcecode.swift; path = DBHelperUser.swift; sourceTree = "<group>"; };
		84689D5F284E3D870014FC7F /* HistoryOfApple.pdf */ = {isa = PBXFileReference; lastKnownFileType = image.pdf; name = HistoryOfApple.pdf; path = ../../../HistoryOfApple.pdf; sourceTree = "<group>"; };
		84689D63284E4E440014FC7F /* ios.pdf */ = {isa = PBXFileReference; lastKnownFileType = image.pdf; name = ios.pdf; path = ../../../ios.pdf; sourceTree = "<group>"; };
		84D5E8C32849A05600C7AA59 /* MusicViewController.swift */ = {isa = PBXFileReference; lastKnownFileType = sourcecode.swift; path = MusicViewController.swift; sourceTree = "<group>"; };
		84D5E93E284AF59200C7AA59 /* DBHelper.swift */ = {isa = PBXFileReference; lastKnownFileType = sourcecode.swift; path = DBHelper.swift; sourceTree = "<group>"; };
/* End PBXFileReference section */

/* Begin PBXFrameworksBuildPhase section */
		84370AB72847CBE200B83B4E /* Frameworks */ = {
			isa = PBXFrameworksBuildPhase;
			buildActionMask = 2147483647;
			files = (
			);
			runOnlyForDeploymentPostprocessing = 0;
		};
/* End PBXFrameworksBuildPhase section */

/* Begin PBXGroup section */
		84370AB12847CBE200B83B4E = {
			isa = PBXGroup;
			children = (
				84689D28284D3BC60014FC7F /* User+CoreDataClass.swift */,
				84689D29284D3BC60014FC7F /* User+CoreDataProperties.swift */,
				84689D06284B0AC30014FC7F /* Note+CoreDataClass.swift */,
				84689D07284B0AC30014FC7F /* Note+CoreDataProperties.swift */,
				84370ABC2847CBE200B83B4E /* FunZone */,
				84370ABB2847CBE200B83B4E /* Products */,
			);
			sourceTree = "<group>";
		};
		84370ABB2847CBE200B83B4E /* Products */ = {
			isa = PBXGroup;
			children = (
				84370ABA2847CBE200B83B4E /* FunZone.app */,
			);
			name = Products;
			sourceTree = "<group>";
		};
		84370ABC2847CBE200B83B4E /* FunZone */ = {
			isa = PBXGroup;
			children = (
				84370B4828490EDF00B83B4E /* Music */,
				84370B4728490EDA00B83B4E /* Books */,
				84370ABD2847CBE200B83B4E /* AppDelegate.swift */,
				84370ABF2847CBE200B83B4E /* SceneDelegate.swift */,
				84370AC32847CBE200B83B4E /* Main.storyboard */,
				84370AC62847CBE300B83B4E /* Assets.xcassets */,
				84370AC82847CBE300B83B4E /* LaunchScreen.storyboard */,
				84370ACB2847CBE300B83B4E /* Info.plist */,
				84370AC12847CBE200B83B4E /* ViewController.swift */,
				25B8DE6C284D8AF60073F78A /* LogInViewController.swift */,
				84689D2C284D3BEF0014FC7F /* RegisterViewController.swift */,
				84D5E8C32849A05600C7AA59 /* MusicViewController.swift */,
				84370B3F28483A5600B83B4E /* BooksCollectionViewCell.swift */,
				84370B4128483F4500B83B4E /* BooksViewController.swift */,
				84370B43284843DB00B83B4E /* PDFScreenViewController.swift */,
				84370B452848496200B83B4E /* WebViewController.swift */,
				84689D0A284B0C110014FC7F /* NoteViewController.swift */,
				84D5E93E284AF59200C7AA59 /* DBHelper.swift */,
				84689D2E284D470C0014FC7F /* DBHelperUser.swift */,
				84689D03284AFA4E0014FC7F /* CoreData.xcdatamodeld */,
			);
			path = FunZone;
			sourceTree = "<group>";
		};
		84370B4728490EDA00B83B4E /* Books */ = {
			isa = PBXGroup;
			children = (
				84689D63284E4E440014FC7F /* ios.pdf */,
				84689D5F284E3D870014FC7F /* HistoryOfApple.pdf */,
			);
			path = Books;
			sourceTree = "<group>";
		};
		84370B4828490EDF00B83B4E /* Music */ = {
			isa = PBXGroup;
			children = (
				8438DC66285AB64500A67F49 /* zapsplat.mp3 */,
			);
			path = Music;
			sourceTree = "<group>";
		};
/* End PBXGroup section */

/* Begin PBXNativeTarget section */
		84370AB92847CBE200B83B4E /* FunZone */ = {
			isa = PBXNativeTarget;
			buildConfigurationList = 84370ACE2847CBE300B83B4E /* Build configuration list for PBXNativeTarget "FunZone" */;
			buildPhases = (
				84370AB62847CBE200B83B4E /* Sources */,
				84370AB72847CBE200B83B4E /* Frameworks */,
				84370AB82847CBE200B83B4E /* Resources */,
			);
			buildRules = (
			);
			dependencies = (
			);
			name = FunZone;
			productName = FunZone;
			productReference = 84370ABA2847CBE200B83B4E /* FunZone.app */;
			productType = "com.apple.product-type.application";
		};
/* End PBXNativeTarget section */

/* Begin PBXProject section */
		84370AB22847CBE200B83B4E /* Project object */ = {
			isa = PBXProject;
			attributes = {
				BuildIndependentTargetsInParallel = 1;
				LastSwiftUpdateCheck = 1330;
				LastUpgradeCheck = 1330;
				TargetAttributes = {
					84370AB92847CBE200B83B4E = {
						CreatedOnToolsVersion = 13.3;
					};
				};
			};
			buildConfigurationList = 84370AB52847CBE200B83B4E /* Build configuration list for PBXProject "FunZone" */;
			compatibilityVersion = "Xcode 13.0";
			developmentRegion = en;
			hasScannedForEncodings = 0;
			knownRegions = (
				en,
				Base,
			);
			mainGroup = 84370AB12847CBE200B83B4E;
			productRefGroup = 84370ABB2847CBE200B83B4E /* Products */;
			projectDirPath = "";
			projectRoot = "";
			targets = (
				84370AB92847CBE200B83B4E /* FunZone */,
			);
		};
/* End PBXProject section */

/* Begin PBXResourcesBuildPhase section */
		84370AB82847CBE200B83B4E /* Resources */ = {
			isa = PBXResourcesBuildPhase;
			buildActionMask = 2147483647;
			files = (
				84689D64284E4E440014FC7F /* ios.pdf in Resources */,
				84689D60284E3D870014FC7F /* HistoryOfApple.pdf in Resources */,
				84370ACA2847CBE300B83B4E /* LaunchScreen.storyboard in Resources */,
				8438DC67285AB64500A67F49 /* zapsplat.mp3 in Resources */,
				84370AC72847CBE300B83B4E /* Assets.xcassets in Resources */,
				84370AC52847CBE200B83B4E /* Main.storyboard in Resources */,
			);
			runOnlyForDeploymentPostprocessing = 0;
		};
/* End PBXResourcesBuildPhase section */

/* Begin PBXSourcesBuildPhase section */
		84370AB62847CBE200B83B4E /* Sources */ = {
			isa = PBXSourcesBuildPhase;
			buildActionMask = 2147483647;
			files = (
				84689D0B284B0C110014FC7F /* NoteViewController.swift in Sources */,
				84370AC22847CBE200B83B4E /* ViewController.swift in Sources */,
				84370B44284843DB00B83B4E /* PDFScreenViewController.swift in Sources */,
				84689D09284B0AC30014FC7F /* Note+CoreDataProperties.swift in Sources */,
				84689D05284AFA4E0014FC7F /* CoreData.xcdatamodeld in Sources */,
				84370ABE2847CBE200B83B4E /* AppDelegate.swift in Sources */,
				84689D2A284D3BC60014FC7F /* User+CoreDataClass.swift in Sources */,
				84370AC02847CBE200B83B4E /* SceneDelegate.swift in Sources */,
				84689D2B284D3BC60014FC7F /* User+CoreDataProperties.swift in Sources */,
				84689D2F284D470C0014FC7F /* DBHelperUser.swift in Sources */,
				84370B4028483A5600B83B4E /* BooksCollectionViewCell.swift in Sources */,
				84D5E8C42849A05600C7AA59 /* MusicViewController.swift in Sources */,
				84689D2D284D3BEF0014FC7F /* RegisterViewController.swift in Sources */,
				84370B4228483F4500B83B4E /* BooksViewController.swift in Sources */,
				25B8DE6D284D8AF60073F78A /* LogInViewController.swift in Sources */,
				84689D08284B0AC30014FC7F /* Note+CoreDataClass.swift in Sources */,
				84370B462848496200B83B4E /* WebViewController.swift in Sources */,
				84D5E93F284AF59200C7AA59 /* DBHelper.swift in Sources */,
			);
			runOnlyForDeploymentPostprocessing = 0;
		};
/* End PBXSourcesBuildPhase section */

/* Begin PBXVariantGroup section */
		84370AC32847CBE200B83B4E /* Main.storyboard */ = {
			isa = PBXVariantGroup;
			children = (
				84370AC42847CBE200B83B4E /* Base */,
			);
			name = Main.storyboard;
			sourceTree = "<group>";
		};
		84370AC82847CBE300B83B4E /* LaunchScreen.storyboard */ = {
			isa = PBXVariantGroup;
			children = (
				84370AC92847CBE300B83B4E /* Base */,
			);
			name = LaunchScreen.storyboard;
			sourceTree = "<group>";
		};
/* End PBXVariantGroup section */

/* Begin XCBuildConfiguration section */
		84370ACC2847CBE300B83B4E /* Debug */ = {
			isa = XCBuildConfiguration;
			buildSettings = {
				ALWAYS_SEARCH_USER_PATHS = NO;
				CLANG_ANALYZER_NONNULL = YES;
				CLANG_ANALYZER_NUMBER_OBJECT_CONVERSION = YES_AGGRESSIVE;
				CLANG_CXX_LANGUAGE_STANDARD = "gnu++17";
				CLANG_ENABLE_MODULES = YES;
				CLANG_ENABLE_OBJC_ARC = YES;
				CLANG_ENABLE_OBJC_WEAK = YES;
				CLANG_WARN_BLOCK_CAPTURE_AUTORELEASING = YES;
				CLANG_WARN_BOOL_CONVERSION = YES;
				CLANG_WARN_COMMA = YES;
				CLANG_WARN_CONSTANT_CONVERSION = YES;
				CLANG_WARN_DEPRECATED_OBJC_IMPLEMENTATIONS = YES;
				CLANG_WARN_DIRECT_OBJC_ISA_USAGE = YES_ERROR;
				CLANG_WARN_DOCUMENTATION_COMMENTS = YES;
				CLANG_WARN_EMPTY_BODY = YES;
				CLANG_WARN_ENUM_CONVERSION = YES;
				CLANG_WARN_INFINITE_RECURSION = YES;
				CLANG_WARN_INT_CONVERSION = YES;
				CLANG_WARN_NON_LITERAL_NULL_CONVERSION = YES;
				CLANG_WARN_OBJC_IMPLICIT_RETAIN_SELF = YES;
				CLANG_WARN_OBJC_LITERAL_CONVERSION = YES;
				CLANG_WARN_OBJC_ROOT_CLASS = YES_ERROR;
				CLANG_WARN_QUOTED_INCLUDE_IN_FRAMEWORK_HEADER = YES;
				CLANG_WARN_RANGE_LOOP_ANALYSIS = YES;
				CLANG_WARN_STRICT_PROTOTYPES = YES;
				CLANG_WARN_SUSPICIOUS_MOVE = YES;
				CLANG_WARN_UNGUARDED_AVAILABILITY = YES_AGGRESSIVE;
				CLANG_WARN_UNREACHABLE_CODE = YES;
				CLANG_WARN__DUPLICATE_METHOD_MATCH = YES;
				COPY_PHASE_STRIP = NO;
				DEBUG_INFORMATION_FORMAT = dwarf;
				ENABLE_STRICT_OBJC_MSGSEND = YES;
				ENABLE_TESTABILITY = YES;
				GCC_C_LANGUAGE_STANDARD = gnu11;
				GCC_DYNAMIC_NO_PIC = NO;
				GCC_NO_COMMON_BLOCKS = YES;
				GCC_OPTIMIZATION_LEVEL = 0;
				GCC_PREPROCESSOR_DEFINITIONS = (
					"DEBUG=1",
					"$(inherited)",
				);
				GCC_WARN_64_TO_32_BIT_CONVERSION = YES;
				GCC_WARN_ABOUT_RETURN_TYPE = YES_ERROR;
				GCC_WARN_UNDECLARED_SELECTOR = YES;
				GCC_WARN_UNINITIALIZED_AUTOS = YES_AGGRESSIVE;
				GCC_WARN_UNUSED_FUNCTION = YES;
				GCC_WARN_UNUSED_VARIABLE = YES;
				IPHONEOS_DEPLOYMENT_TARGET = 15.4;
				MTL_ENABLE_DEBUG_INFO = INCLUDE_SOURCE;
				MTL_FAST_MATH = YES;
				ONLY_ACTIVE_ARCH = YES;
				SDKROOT = iphoneos;
				SWIFT_ACTIVE_COMPILATION_CONDITIONS = DEBUG;
				SWIFT_OPTIMIZATION_LEVEL = "-Onone";
			};
			name = Debug;
		};
		84370ACD2847CBE300B83B4E /* Release */ = {
			isa = XCBuildConfiguration;
			buildSettings = {
				ALWAYS_SEARCH_USER_PATHS = NO;
				CLANG_ANALYZER_NONNULL = YES;
				CLANG_ANALYZER_NUMBER_OBJECT_CONVERSION = YES_AGGRESSIVE;
				CLANG_CXX_LANGUAGE_STANDARD = "gnu++17";
				CLANG_ENABLE_MODULES = YES;
				CLANG_ENABLE_OBJC_ARC = YES;
				CLANG_ENABLE_OBJC_WEAK = YES;
				CLANG_WARN_BLOCK_CAPTURE_AUTORELEASING = YES;
				CLANG_WARN_BOOL_CONVERSION = YES;
				CLANG_WARN_COMMA = YES;
				CLANG_WARN_CONSTANT_CONVERSION = YES;
				CLANG_WARN_DEPRECATED_OBJC_IMPLEMENTATIONS = YES;
				CLANG_WARN_DIRECT_OBJC_ISA_USAGE = YES_ERROR;
				CLANG_WARN_DOCUMENTATION_COMMENTS = YES;
				CLANG_WARN_EMPTY_BODY = YES;
				CLANG_WARN_ENUM_CONVERSION = YES;
				CLANG_WARN_INFINITE_RECURSION = YES;
				CLANG_WARN_INT_CONVERSION = YES;
				CLANG_WARN_NON_LITERAL_NULL_CONVERSION = YES;
				CLANG_WARN_OBJC_IMPLICIT_RETAIN_SELF = YES;
				CLANG_WARN_OBJC_LITERAL_CONVERSION = YES;
				CLANG_WARN_OBJC_ROOT_CLASS = YES_ERROR;
				CLANG_WARN_QUOTED_INCLUDE_IN_FRAMEWORK_HEADER = YES;
				CLANG_WARN_RANGE_LOOP_ANALYSIS = YES;
				CLANG_WARN_STRICT_PROTOTYPES = YES;
				CLANG_WARN_SUSPICIOUS_MOVE = YES;
				CLANG_WARN_UNGUARDED_AVAILABILITY = YES_AGGRESSIVE;
				CLANG_WARN_UNREACHABLE_CODE = YES;
				CLANG_WARN__DUPLICATE_METHOD_MATCH = YES;
				COPY_PHASE_STRIP = NO;
				DEBUG_INFORMATION_FORMAT = "dwarf-with-dsym";
				ENABLE_NS_ASSERTIONS = NO;
				ENABLE_STRICT_OBJC_MSGSEND = YES;
				GCC_C_LANGUAGE_STANDARD = gnu11;
				GCC_NO_COMMON_BLOCKS = YES;
				GCC_WARN_64_TO_32_BIT_CONVERSION = YES;
				GCC_WARN_ABOUT_RETURN_TYPE = YES_ERROR;
				GCC_WARN_UNDECLARED_SELECTOR = YES;
				GCC_WARN_UNINITIALIZED_AUTOS = YES_AGGRESSIVE;
				GCC_WARN_UNUSED_FUNCTION = YES;
				GCC_WARN_UNUSED_VARIABLE = YES;
				IPHONEOS_DEPLOYMENT_TARGET = 15.4;
				MTL_ENABLE_DEBUG_INFO = NO;
				MTL_FAST_MATH = YES;
				SDKROOT = iphoneos;
				SWIFT_COMPILATION_MODE = wholemodule;
				SWIFT_OPTIMIZATION_LEVEL = "-O";
				VALIDATE_PRODUCT = YES;
			};
			name = Release;
		};
		84370ACF2847CBE300B83B4E /* Debug */ = {
			isa = XCBuildConfiguration;
			buildSettings = {
				ASSETCATALOG_COMPILER_APPICON_NAME = AppIcon;
				ASSETCATALOG_COMPILER_GLOBAL_ACCENT_COLOR_NAME = AccentColor;
				CODE_SIGN_STYLE = Automatic;
				CURRENT_PROJECT_VERSION = 1;
				GENERATE_INFOPLIST_FILE = YES;
				INFOPLIST_FILE = FunZone/Info.plist;
				INFOPLIST_KEY_UIApplicationSupportsIndirectInputEvents = YES;
				INFOPLIST_KEY_UILaunchStoryboardName = LaunchScreen;
				INFOPLIST_KEY_UIMainStoryboardFile = Main;
				INFOPLIST_KEY_UISupportedInterfaceOrientations_iPad = "UIInterfaceOrientationPortrait UIInterfaceOrientationPortraitUpsideDown UIInterfaceOrientationLandscapeLeft UIInterfaceOrientationLandscapeRight";
				INFOPLIST_KEY_UISupportedInterfaceOrientations_iPhone = "UIInterfaceOrientationPortrait UIInterfaceOrientationLandscapeLeft UIInterfaceOrientationLandscapeRight";
				LD_RUNPATH_SEARCH_PATHS = (
					"$(inherited)",
					"@executable_path/Frameworks",
				);
				MARKETING_VERSION = 1.0;
				PRODUCT_BUNDLE_IDENTIFIER = Zack.FunZone;
				PRODUCT_NAME = "$(TARGET_NAME)";
				SWIFT_EMIT_LOC_STRINGS = YES;
				SWIFT_VERSION = 5.0;
				TARGETED_DEVICE_FAMILY = "1,2";
			};
			name = Debug;
		};
		84370AD02847CBE300B83B4E /* Release */ = {
			isa = XCBuildConfiguration;
			buildSettings = {
				ASSETCATALOG_COMPILER_APPICON_NAME = AppIcon;
				ASSETCATALOG_COMPILER_GLOBAL_ACCENT_COLOR_NAME = AccentColor;
				CODE_SIGN_STYLE = Automatic;
				CURRENT_PROJECT_VERSION = 1;
				GENERATE_INFOPLIST_FILE = YES;
				INFOPLIST_FILE = FunZone/Info.plist;
				INFOPLIST_KEY_UIApplicationSupportsIndirectInputEvents = YES;
				INFOPLIST_KEY_UILaunchStoryboardName = LaunchScreen;
				INFOPLIST_KEY_UIMainStoryboardFile = Main;
				INFOPLIST_KEY_UISupportedInterfaceOrientations_iPad = "UIInterfaceOrientationPortrait UIInterfaceOrientationPortraitUpsideDown UIInterfaceOrientationLandscapeLeft UIInterfaceOrientationLandscapeRight";
				INFOPLIST_KEY_UISupportedInterfaceOrientations_iPhone = "UIInterfaceOrientationPortrait UIInterfaceOrientationLandscapeLeft UIInterfaceOrientationLandscapeRight";
				LD_RUNPATH_SEARCH_PATHS = (
					"$(inherited)",
					"@executable_path/Frameworks",
				);
				MARKETING_VERSION = 1.0;
				PRODUCT_BUNDLE_IDENTIFIER = Zack.FunZone;
				PRODUCT_NAME = "$(TARGET_NAME)";
				SWIFT_EMIT_LOC_STRINGS = YES;
				SWIFT_VERSION = 5.0;
				TARGETED_DEVICE_FAMILY = "1,2";
			};
			name = Release;
		};
/* End XCBuildConfiguration section */

/* Begin XCConfigurationList section */
		84370AB52847CBE200B83B4E /* Build configuration list for PBXProject "FunZone" */ = {
			isa = XCConfigurationList;
			buildConfigurations = (
				84370ACC2847CBE300B83B4E /* Debug */,
				84370ACD2847CBE300B83B4E /* Release */,
			);
			defaultConfigurationIsVisible = 0;
			defaultConfigurationName = Release;
		};
		84370ACE2847CBE300B83B4E /* Build configuration list for PBXNativeTarget "FunZone" */ = {
			isa = XCConfigurationList;
			buildConfigurations = (
				84370ACF2847CBE300B83B4E /* Debug */,
				84370AD02847CBE300B83B4E /* Release */,
			);
			defaultConfigurationIsVisible = 0;
			defaultConfigurationName = Release;
		};
/* End XCConfigurationList section */

/* Begin XCVersionGroup section */
		84689D03284AFA4E0014FC7F /* CoreData.xcdatamodeld */ = {
			isa = XCVersionGroup;
			children = (
				84689D04284AFA4E0014FC7F /* CoreData.xcdatamodel */,
			);
			currentVersion = 84689D04284AFA4E0014FC7F /* CoreData.xcdatamodel */;
			path = CoreData.xcdatamodeld;
			sourceTree = "<group>";
			versionGroupType = wrapper.xcdatamodel;
		};
/* End XCVersionGroup section */
	};
	rootObject = 84370AB22847CBE200B83B4E /* Project object */;
}
